
Microsoft Visual Studio Solution File, Format Version 12.00
# Visual Studio Version 17
VisualStudioVersion = 17.2.32630.192
MinimumVisualStudioVersion = 10.0.40219.1
Project("{FAE04EC0-301F-11D3-BF4B-00C04F79EFBC}") = "GrpcCustomer", "GrpcCustomer\GrpcCustomer.csproj", "{EE5D92D6-7BC5-44DE-9A19-17AF22CEB7ED}"
EndProject
Global
	GlobalSection(SolutionConfigurationPlatforms) = preSolution
		Debug|Any CPU = Debug|Any CPU
		Release|Any CPU = Release|Any CPU
	EndGlobalSection
	GlobalSection(ProjectConfigurationPlatforms) = postSolution
		{EE5D92D6-7BC5-44DE-9A19-17AF22CEB7ED}.Debug|Any CPU.ActiveCfg = Debug|Any CPU
		{EE5D92D6-7BC5-44DE-9A19-17AF22CEB7ED}.Debug|Any CPU.Build.0 = Debug|Any CPU
		{EE5D92D6-7BC5-44DE-9A19-17AF22CEB7ED}.Release|Any CPU.ActiveCfg = Release|Any CPU
		{EE5D92D6-7BC5-44DE-9A19-17AF22CEB7ED}.Release|Any CPU.Build.0 = Release|Any CPU
	EndGlobalSection
	GlobalSection(SolutionProperties) = preSolution
		HideSolutionNode = FALSE
	EndGlobalSection
	GlobalSection(ExtensibilityGlobals) = postSolution
		SolutionGuid = {638110A5-B382-4596-A6C8-D4C20D596E6F}
	EndGlobalSection
EndGlobal
